<Solution>
  <Folder Name="/docs/">
    <File Path="api.md" />
    <File Path="architecture.md" />
  </Folder>
  <Folder Name="/Solution Items/">
    <File Path="README.md" />
  </Folder>
  <Folder Name="/src/">
    <Project Path="ECommerce.Database/ECommerce.Database.csproj" />
  </Folder>
  <Folder Name="/src/Authentication/">
    <Project Path="Auth.API/Auth.API.csproj" />
    <Project Path="Auth.Data/Auth.Data.csproj" />
    <Project Path="Auth.Services/Auth.Services.csproj" />
  </Folder>
  <Folder Name="/src/Cart/">
    <Project Path="Cart.API/Cart.API.csproj" />
    <Project Path="Cart.Data/Cart.Data.csproj" />
    <Project Path="Cart.Services/Cart.Services.csproj" />
  </Folder>
  <Folder Name="/src/Order/">
    <Project Path="Order.API/Order.API.csproj" />
    <Project Path="Order.Data/Order.Data.csproj" />
    <Project Path="Order.Services/Order.Services.csproj" />
  </Folder>
  <Folder Name="/src/Product/">
    <Project Path="Product.API/Product.API.csproj" />
    <Project Path="Product.Data/Product.Data.csproj" />
    <Project Path="Product.Services/Product.Services.csproj" />
  </Folder>
  <Folder Name="/src/Tracking/">
    <Project Path="Tracking.API/Tracking.API.csproj" />
    <Project Path="Tracking.Data/Tracking.Data.csproj" />
    <Project Path="Tracking.Services/Tracking.Services.csproj" />
  </Folder>
  <Folder Name="/tests/">
    <Project Path="ECommerce.IntegrationTests/ECommerce.IntegrationTests.csproj" Id="88be30e9-532b-4be5-ba2a-0fc2f75415b1" />
    <Project Path="ECommerce.UnitTests/ECommerce.UnitTests.csproj" Id="dc1a6b78-9f88-4a0e-8ff3-453be8be9c43" />
  </Folder>
</Solution>
